
Microsoft Visual Studio Solution File, Format Version 12.00
# Visual Studio 15
VisualStudioVersion = 15.0.27703.2035
MinimumVisualStudioVersion = 10.0.40219.1
Project("{2150E333-8FDC-42A3-9474-1A3956D46DE8}") = "1 - Presentation", "1 - Presentation", "{D8192B57-2ABE-4034-9CE6-48135E25C665}"
EndProject
Project("{2150E333-8FDC-42A3-9474-1A3956D46DE8}") = "3 - Application", "3 - Application", "{38023183-3FB0-416E-894E-4E1B328859E4}"
EndProject
Project("{2150E333-8FDC-42A3-9474-1A3956D46DE8}") = "0 - Configuration", "0 - Configuration", "{0A9710AA-73CA-426E-B880-32111D58F1AB}"
	ProjectSection(SolutionItems) = preProject
		.editorconfig = .editorconfig
		global.json = global.json
	EndProjectSection
EndProject
Project("{2150E333-8FDC-42A3-9474-1A3956D46DE8}") = "3 - Domain", "3 - Domain", "{7545101C-0717-4500-B4CF-544C6B67956E}"
EndProject
Project("{2150E333-8FDC-42A3-9474-1A3956D46DE8}") = "4 - Infrastructure", "4 - Infrastructure", "{1FBF5F82-CD41-42EA-9016-0D5346DA212D}"
EndProject
Project("{2150E333-8FDC-42A3-9474-1A3956D46DE8}") = "4.1 - Data", "4.1 - Data", "{A012C477-75BE-4DA5-AD61-23066C046AFF}"
EndProject
Project("{2150E333-8FDC-42A3-9474-1A3956D46DE8}") = "4.2 - CrossCutting", "4.2 - CrossCutting", "{B04D6934-D76E-40FC-B67D-0B750E8C59DF}"
EndProject
Project("{2150E333-8FDC-42A3-9474-1A3956D46DE8}") = "4.3 - Integration", "4.3 - Integration", "{78E5EB2E-4751-4B95-B2A3-DD25FA48B449}"
EndProject
Project("{FAE04EC0-301F-11D3-BF4B-00C04F79EFBC}") = "BACED.WebApi", "BACED.WebApi\BACED.WebApi.csproj", "{98E6F41A-D79E-48EA-B5E2-8AE429CA625A}"
EndProject
Project("{FAE04EC0-301F-11D3-BF4B-00C04F79EFBC}") = "BACED.Domain", "BACED.Domain\BACED.Domain.csproj", "{3D82A213-070E-4199-9D96-CDB86F393FCC}"
EndProject
Project("{FAE04EC0-301F-11D3-BF4B-00C04F79EFBC}") = "BACED.Infrastructure.Data", "BACED.Infrastructure.Data\BACED.Infrastructure.Data.csproj", "{23C71CB3-83D2-485C-8223-C394C384E201}"
EndProject
Project("{FAE04EC0-301F-11D3-BF4B-00C04F79EFBC}") = "BACED.Infrastructure.CrossCutting.Identity", "BACED.Infrastructure.CrossCutting.Identity\BACED.Infrastructure.CrossCutting.Identity.csproj", "{F486FCD0-26FC-41A9-86D7-D5751027D61F}"
EndProject
Project("{2150E333-8FDC-42A3-9474-1A3956D46DE8}") = "2 - Services", "2 - Services", "{1A353BC4-43E6-4FE3-9A34-804C2FAEBEF7}"
EndProject
Project("{FAE04EC0-301F-11D3-BF4B-00C04F79EFBC}") = "BACED.Application", "BACED.Application\BACED.Application.csproj", "{E36E519E-D715-4B73-9CD3-12DE0CD7870D}"
EndProject
Project("{FAE04EC0-301F-11D3-BF4B-00C04F79EFBC}") = "BACED.Infrastructure.CrossCutting.Bus", "BACED.Infrastructure.CrossCutting.Bus\BACED.Infrastructure.CrossCutting.Bus.csproj", "{403855A6-041E-4DB6-B823-68EB3A6F7252}"
EndProject
Project("{FAE04EC0-301F-11D3-BF4B-00C04F79EFBC}") = "BACED.WebApp", "BACED.WebApp\BACED.WebApp.csproj", "{FAAB24C0-882E-449E-B591-E4E7D0CD99BB}"
EndProject
Project("{FAE04EC0-301F-11D3-BF4B-00C04F79EFBC}") = "BACED.Application.Core", "BACED.Application.Core\BACED.Application.Core.csproj", "{73A3047C-3E13-45FC-8106-F0A13F795FCE}"
EndProject
Project("{FAE04EC0-301F-11D3-BF4B-00C04F79EFBC}") = "BACED.Domain.Core", "BACED.Domain.Core\BACED.Domain.Core.csproj", "{21C7B4AD-BC91-4B41-9386-D31F4B1C7588}"
EndProject
Project("{FAE04EC0-301F-11D3-BF4B-00C04F79EFBC}") = "BACED.Infrastructure.Data.Core", "BACED.Infrastructure.Data.Core\BACED.Infrastructure.Data.Core.csproj", "{FF7AC5A3-B3B4-4AF3-A1FD-7D1B9F3D2C33}"
EndProject
Global
	GlobalSection(SolutionConfigurationPlatforms) = preSolution
		Debug|Any CPU = Debug|Any CPU
		Release|Any CPU = Release|Any CPU
	EndGlobalSection
	GlobalSection(ProjectConfigurationPlatforms) = postSolution
		{98E6F41A-D79E-48EA-B5E2-8AE429CA625A}.Debug|Any CPU.ActiveCfg = Debug|Any CPU
		{98E6F41A-D79E-48EA-B5E2-8AE429CA625A}.Debug|Any CPU.Build.0 = Debug|Any CPU
		{98E6F41A-D79E-48EA-B5E2-8AE429CA625A}.Release|Any CPU.ActiveCfg = Release|Any CPU
		{98E6F41A-D79E-48EA-B5E2-8AE429CA625A}.Release|Any CPU.Build.0 = Release|Any CPU
		{3D82A213-070E-4199-9D96-CDB86F393FCC}.Debug|Any CPU.ActiveCfg = Debug|Any CPU
		{3D82A213-070E-4199-9D96-CDB86F393FCC}.Debug|Any CPU.Build.0 = Debug|Any CPU
		{3D82A213-070E-4199-9D96-CDB86F393FCC}.Release|Any CPU.ActiveCfg = Release|Any CPU
		{3D82A213-070E-4199-9D96-CDB86F393FCC}.Release|Any CPU.Build.0 = Release|Any CPU
		{23C71CB3-83D2-485C-8223-C394C384E201}.Debug|Any CPU.ActiveCfg = Debug|Any CPU
		{23C71CB3-83D2-485C-8223-C394C384E201}.Debug|Any CPU.Build.0 = Debug|Any CPU
		{23C71CB3-83D2-485C-8223-C394C384E201}.Release|Any CPU.ActiveCfg = Release|Any CPU
		{23C71CB3-83D2-485C-8223-C394C384E201}.Release|Any CPU.Build.0 = Release|Any CPU
		{F486FCD0-26FC-41A9-86D7-D5751027D61F}.Debug|Any CPU.ActiveCfg = Debug|Any CPU
		{F486FCD0-26FC-41A9-86D7-D5751027D61F}.Debug|Any CPU.Build.0 = Debug|Any CPU
		{F486FCD0-26FC-41A9-86D7-D5751027D61F}.Release|Any CPU.ActiveCfg = Release|Any CPU
		{F486FCD0-26FC-41A9-86D7-D5751027D61F}.Release|Any CPU.Build.0 = Release|Any CPU
		{E36E519E-D715-4B73-9CD3-12DE0CD7870D}.Debug|Any CPU.ActiveCfg = Debug|Any CPU
		{E36E519E-D715-4B73-9CD3-12DE0CD7870D}.Debug|Any CPU.Build.0 = Debug|Any CPU
		{E36E519E-D715-4B73-9CD3-12DE0CD7870D}.Release|Any CPU.ActiveCfg = Release|Any CPU
		{E36E519E-D715-4B73-9CD3-12DE0CD7870D}.Release|Any CPU.Build.0 = Release|Any CPU
		{403855A6-041E-4DB6-B823-68EB3A6F7252}.Debug|Any CPU.ActiveCfg = Debug|Any CPU
		{403855A6-041E-4DB6-B823-68EB3A6F7252}.Debug|Any CPU.Build.0 = Debug|Any CPU
		{403855A6-041E-4DB6-B823-68EB3A6F7252}.Release|Any CPU.ActiveCfg = Release|Any CPU
		{403855A6-041E-4DB6-B823-68EB3A6F7252}.Release|Any CPU.Build.0 = Release|Any CPU
		{FAAB24C0-882E-449E-B591-E4E7D0CD99BB}.Debug|Any CPU.ActiveCfg = Debug|Any CPU
		{FAAB24C0-882E-449E-B591-E4E7D0CD99BB}.Debug|Any CPU.Build.0 = Debug|Any CPU
		{FAAB24C0-882E-449E-B591-E4E7D0CD99BB}.Release|Any CPU.ActiveCfg = Release|Any CPU
		{FAAB24C0-882E-449E-B591-E4E7D0CD99BB}.Release|Any CPU.Build.0 = Release|Any CPU
		{73A3047C-3E13-45FC-8106-F0A13F795FCE}.Debug|Any CPU.ActiveCfg = Debug|Any CPU
		{73A3047C-3E13-45FC-8106-F0A13F795FCE}.Debug|Any CPU.Build.0 = Debug|Any CPU
		{73A3047C-3E13-45FC-8106-F0A13F795FCE}.Release|Any CPU.ActiveCfg = Release|Any CPU
		{73A3047C-3E13-45FC-8106-F0A13F795FCE}.Release|Any CPU.Build.0 = Release|Any CPU
		{21C7B4AD-BC91-4B41-9386-D31F4B1C7588}.Debug|Any CPU.ActiveCfg = Debug|Any CPU
		{21C7B4AD-BC91-4B41-9386-D31F4B1C7588}.Debug|Any CPU.Build.0 = Debug|Any CPU
		{21C7B4AD-BC91-4B41-9386-D31F4B1C7588}.Release|Any CPU.ActiveCfg = Release|Any CPU
		{21C7B4AD-BC91-4B41-9386-D31F4B1C7588}.Release|Any CPU.Build.0 = Release|Any CPU
		{FF7AC5A3-B3B4-4AF3-A1FD-7D1B9F3D2C33}.Debug|Any CPU.ActiveCfg = Debug|Any CPU
		{FF7AC5A3-B3B4-4AF3-A1FD-7D1B9F3D2C33}.Debug|Any CPU.Build.0 = Debug|Any CPU
		{FF7AC5A3-B3B4-4AF3-A1FD-7D1B9F3D2C33}.Release|Any CPU.ActiveCfg = Release|Any CPU
		{FF7AC5A3-B3B4-4AF3-A1FD-7D1B9F3D2C33}.Release|Any CPU.Build.0 = Release|Any CPU
	EndGlobalSection
	GlobalSection(SolutionProperties) = preSolution
		HideSolutionNode = FALSE
	EndGlobalSection
	GlobalSection(NestedProjects) = preSolution
		{A012C477-75BE-4DA5-AD61-23066C046AFF} = {1FBF5F82-CD41-42EA-9016-0D5346DA212D}
		{B04D6934-D76E-40FC-B67D-0B750E8C59DF} = {1FBF5F82-CD41-42EA-9016-0D5346DA212D}
		{78E5EB2E-4751-4B95-B2A3-DD25FA48B449} = {1FBF5F82-CD41-42EA-9016-0D5346DA212D}
		{98E6F41A-D79E-48EA-B5E2-8AE429CA625A} = {1A353BC4-43E6-4FE3-9A34-804C2FAEBEF7}
		{3D82A213-070E-4199-9D96-CDB86F393FCC} = {7545101C-0717-4500-B4CF-544C6B67956E}
		{23C71CB3-83D2-485C-8223-C394C384E201} = {A012C477-75BE-4DA5-AD61-23066C046AFF}
		{F486FCD0-26FC-41A9-86D7-D5751027D61F} = {B04D6934-D76E-40FC-B67D-0B750E8C59DF}
		{E36E519E-D715-4B73-9CD3-12DE0CD7870D} = {38023183-3FB0-416E-894E-4E1B328859E4}
		{403855A6-041E-4DB6-B823-68EB3A6F7252} = {B04D6934-D76E-40FC-B67D-0B750E8C59DF}
		{FAAB24C0-882E-449E-B591-E4E7D0CD99BB} = {D8192B57-2ABE-4034-9CE6-48135E25C665}
		{73A3047C-3E13-45FC-8106-F0A13F795FCE} = {38023183-3FB0-416E-894E-4E1B328859E4}
		{21C7B4AD-BC91-4B41-9386-D31F4B1C7588} = {7545101C-0717-4500-B4CF-544C6B67956E}
		{FF7AC5A3-B3B4-4AF3-A1FD-7D1B9F3D2C33} = {A012C477-75BE-4DA5-AD61-23066C046AFF}
	EndGlobalSection
	GlobalSection(ExtensibilityGlobals) = postSolution
		SolutionGuid = {3F01E9D0-D359-4A85-B5CA-23E0A6CF5402}
	EndGlobalSection
EndGlobal
